
Microsoft Visual Studio Solution File, Format Version 12.00
# Visual Studio 15
VisualStudioVersion = 15.0.27703.2026
MinimumVisualStudioVersion = 10.0.40219.1
Project("{FAE04EC0-301F-11D3-BF4B-00C04F79EFBC}") = "ANewHope", "ANewHope\ANewHope.csproj", "{9C3AB8F2-AE32-4AA4-AE49-FA117DA56979}"
EndProject
Global
	GlobalSection(SolutionConfigurationPlatforms) = preSolution
		Debug|Any CPU = Debug|Any CPU
		Release|Any CPU = Release|Any CPU
	EndGlobalSection
	GlobalSection(ProjectConfigurationPlatforms) = postSolution
		{9C3AB8F2-AE32-4AA4-AE49-FA117DA56979}.Debug|Any CPU.ActiveCfg = Debug|Any CPU
		{9C3AB8F2-AE32-4AA4-AE49-FA117DA56979}.Debug|Any CPU.Build.0 = Debug|Any CPU
		{9C3AB8F2-AE32-4AA4-AE49-FA117DA56979}.Release|Any CPU.ActiveCfg = Release|Any CPU
		{9C3AB8F2-AE32-4AA4-AE49-FA117DA56979}.Release|Any CPU.Build.0 = Release|Any CPU
	EndGlobalSection
	GlobalSection(SolutionProperties) = preSolution
		HideSolutionNode = FALSE
	EndGlobalSection
	GlobalSection(ExtensibilityGlobals) = postSolution
		SolutionGuid = {0AE36CBA-44A7-470F-A215-40DB66CF756C}
	EndGlobalSection
EndGlobal
